// !$*UTF8*$!
{
	archiveVersion = 1;
	classes = {
	};
	objectVersion = 46;
	objects = {

/* Begin PBXBuildFile section */
		0512AB821D2F436F0031FC4F /* AppDelegate.swift in Sources */ = {isa = PBXBuildFile; fileRef = 0512AB811D2F436F0031FC4F /* AppDelegate.swift */; };
		0512AB841D2F436F0031FC4F /* ViewController.swift in Sources */ = {isa = PBXBuildFile; fileRef = 0512AB831D2F436F0031FC4F /* ViewController.swift */; };
		0512AB871D2F436F0031FC4F /* Main.storyboard in Resources */ = {isa = PBXBuildFile; fileRef = 0512AB851D2F436F0031FC4F /* Main.storyboard */; };
		0512AB891D2F436F0031FC4F /* Assets.xcassets in Resources */ = {isa = PBXBuildFile; fileRef = 0512AB881D2F436F0031FC4F /* Assets.xcassets */; };
		0512AB8C1D2F436F0031FC4F /* LaunchScreen.storyboard in Resources */ = {isa = PBXBuildFile; fileRef = 0512AB8A1D2F436F0031FC4F /* LaunchScreen.storyboard */; };
		0512AB971D2F43700031FC4F /* Project_01Tests.swift in Sources */ = {isa = PBXBuildFile; fileRef = 0512AB961D2F43700031FC4F /* Project_01Tests.swift */; };
		0512ABA21D2F43700031FC4F /* Project_01UITests.swift in Sources */ = {isa = PBXBuildFile; fileRef = 0512ABA11D2F43700031FC4F /* Project_01UITests.swift */; };
		0512ABB21D2F44410031FC4F /* SnapKit.framework in Frameworks */ = {isa = PBXBuildFile; fileRef = 0512ABB11D2F44410031FC4F /* SnapKit.framework */; };
/* End PBXBuildFile section */

/* Begin PBXContainerItemProxy section */
		0512AB931D2F43700031FC4F /* PBXContainerItemProxy */ = {
			isa = PBXContainerItemProxy;
			containerPortal = 0512AB761D2F436F0031FC4F /* Project object */;
			proxyType = 1;
			remoteGlobalIDString = 0512AB7D1D2F436F0031FC4F;
			remoteInfo = "Project 01";
		};
		0512AB9E1D2F43700031FC4F /* PBXContainerItemProxy */ = {
			isa = PBXContainerItemProxy;
			containerPortal = 0512AB761D2F436F0031FC4F /* Project object */;
			proxyType = 1;
			remoteGlobalIDString = 0512AB7D1D2F436F0031FC4F;
			remoteInfo = "Project 01";
		};
/* End PBXContainerItemProxy section */

/* Begin PBXFileReference section */
		0512AB7E1D2F436F0031FC4F /* Project 01.app */ = {isa = PBXFileReference; explicitFileType = wrapper.application; includeInIndex = 0; path = "Project 01.app"; sourceTree = BUILT_PRODUCTS_DIR; };
		0512AB811D2F436F0031FC4F /* AppDelegate.swift */ = {isa = PBXFileReference; lastKnownFileType = sourcecode.swift; path = AppDelegate.swift; sourceTree = "<group>"; };
		0512AB831D2F436F0031FC4F /* ViewController.swift */ = {isa = PBXFileReference; lastKnownFileType = sourcecode.swift; path = ViewController.swift; sourceTree = "<group>"; };
		0512AB861D2F436F0031FC4F /* Base */ = {isa = PBXFileReference; lastKnownFileType = file.storyboard; name = Base; path = Base.lproj/Main.storyboard; sourceTree = "<group>"; };
		0512AB881D2F436F0031FC4F /* Assets.xcassets */ = {isa = PBXFileReference; lastKnownFileType = folder.assetcatalog; path = Assets.xcassets; sourceTree = "<group>"; };
		0512AB8B1D2F436F0031FC4F /* Base */ = {isa = PBXFileReference; lastKnownFileType = file.storyboard; name = Base; path = Base.lproj/LaunchScreen.storyboard; sourceTree = "<group>"; };
		0512AB8D1D2F436F0031FC4F /* Info.plist */ = {isa = PBXFileReference; lastKnownFileType = text.plist.xml; path = Info.plist; sourceTree = "<group>"; };
		0512AB921D2F43700031FC4F /* Project 01Tests.xctest */ = {isa = PBXFileReference; explicitFileType = wrapper.cfbundle; includeInIndex = 0; path = "Project 01Tests.xctest"; sourceTree = BUILT_PRODUCTS_DIR; };
		0512AB961D2F43700031FC4F /* Project_01Tests.swift */ = {isa = PBXFileReference; lastKnownFileType = sourcecode.swift; path = Project_01Tests.swift; sourceTree = "<group>"; };
		0512AB981D2F43700031FC4F /* Info.plist */ = {isa = PBXFileReference; lastKnownFileType = text.plist.xml; path = Info.plist; sourceTree = "<group>"; };
		0512AB9D1D2F43700031FC4F /* Project 01UITests.xctest */ = {isa = PBXFileReference; explicitFileType = wrapper.cfbundle; includeInIndex = 0; path = "Project 01UITests.xctest"; sourceTree = BUILT_PRODUCTS_DIR; };
		0512ABA11D2F43700031FC4F /* Project_01UITests.swift */ = {isa = PBXFileReference; lastKnownFileType = sourcecode.swift; path = Project_01UITests.swift; sourceTree = "<group>"; };
		0512ABA31D2F43700031FC4F /* Info.plist */ = {isa = PBXFileReference; lastKnownFileType = text.plist.xml; path = Info.plist; sourceTree = "<group>"; };
		0512ABB11D2F44410031FC4F /* SnapKit.framework */ = {isa = PBXFileReference; lastKnownFileType = wrapper.framework; name = SnapKit.framework; path = Carthage/Build/iOS/SnapKit.framework; sourceTree = "<group>"; };
/* End PBXFileReference section */

/* Begin PBXFrameworksBuildPhase section */
		0512AB7B1D2F436F0031FC4F /* Frameworks */ = {
			isa = PBXFrameworksBuildPhase;
			buildActionMask = 2147483647;
			files = (
				0512ABB21D2F44410031FC4F /* SnapKit.framework in Frameworks */,
			);
			runOnlyForDeploymentPostprocessing = 0;
		};
		0512AB8F1D2F43700031FC4F /* Frameworks */ = {
			isa = PBXFrameworksBuildPhase;
			buildActionMask = 2147483647;
			files = (
			);
			runOnlyForDeploymentPostprocessing = 0;
		};
		0512AB9A1D2F43700031FC4F /* Frameworks */ = {
			isa = PBXFrameworksBuildPhase;
			buildActionMask = 2147483647;
			files = (
			);
			runOnlyForDeploymentPostprocessing = 0;
		};
/* End PBXFrameworksBuildPhase section */

/* Begin PBXGroup section */
		0512AB751D2F436F0031FC4F = {
			isa = PBXGroup;
			children = (
				0512ABB11D2F44410031FC4F /* SnapKit.framework */,
				0512AB801D2F436F0031FC4F /* Project 01 */,
				0512AB951D2F43700031FC4F /* Project 01Tests */,
				0512ABA01D2F43700031FC4F /* Project 01UITests */,
				0512AB7F1D2F436F0031FC4F /* Products */,
			);
			sourceTree = "<group>";
		};
		0512AB7F1D2F436F0031FC4F /* Products */ = {
			isa = PBXGroup;
			children = (
				0512AB7E1D2F436F0031FC4F /* Project 01.app */,
				0512AB921D2F43700031FC4F /* Project 01Tests.xctest */,
				0512AB9D1D2F43700031FC4F /* Project 01UITests.xctest */,
			);
			name = Products;
			sourceTree = "<group>";
		};
		0512AB801D2F436F0031FC4F /* Project 01 */ = {
			isa = PBXGroup;
			children = (
				0512ABAF1D2F43870031FC4F /* suportfiles */,
				0512AB831D2F436F0031FC4F /* ViewController.swift */,
				0512AB881D2F436F0031FC4F /* Assets.xcassets */,
			);
			path = "Project 01";
			sourceTree = "<group>";
		};
		0512AB951D2F43700031FC4F /* Project 01Tests */ = {
			isa = PBXGroup;
			children = (
				0512AB961D2F43700031FC4F /* Project_01Tests.swift */,
				0512AB981D2F43700031FC4F /* Info.plist */,
			);
			path = "Project 01Tests";
			sourceTree = "<group>";
		};
		0512ABA01D2F43700031FC4F /* Project 01UITests */ = {
			isa = PBXGroup;
			children = (
				0512ABA11D2F43700031FC4F /* Project_01UITests.swift */,
				0512ABA31D2F43700031FC4F /* Info.plist */,
			);
			path = "Project 01UITests";
			sourceTree = "<group>";
		};
		0512ABAF1D2F43870031FC4F /* suportfiles */ = {
			isa = PBXGroup;
			children = (
				0512AB851D2F436F0031FC4F /* Main.storyboard */,
				0512AB8A1D2F436F0031FC4F /* LaunchScreen.storyboard */,
				0512AB811D2F436F0031FC4F /* AppDelegate.swift */,
				0512AB8D1D2F436F0031FC4F /* Info.plist */,
			);
			name = suportfiles;
			sourceTree = "<group>";
		};
/* End PBXGroup section */

/* Begin PBXNativeTarget section */
		0512AB7D1D2F436F0031FC4F /* Project 01 */ = {
			isa = PBXNativeTarget;
			buildConfigurationList = 0512ABA61D2F43700031FC4F /* Build configuration list for PBXNativeTarget "Project 01" */;
			buildPhases = (
				0512AB7A1D2F436F0031FC4F /* Sources */,
				0512AB7B1D2F436F0031FC4F /* Frameworks */,
				0512AB7C1D2F436F0031FC4F /* Resources */,
				0512ABB01D2F43E70031FC4F /* ShellScript */,
			);
			buildRules = (
			);
			dependencies = (
			);
			name = "Project 01";
			productName = "Project 01";
			productReference = 0512AB7E1D2F436F0031FC4F /* Project 01.app */;
			productType = "com.apple.product-type.application";
		};
		0512AB911D2F43700031FC4F /* Project 01Tests */ = {
			isa = PBXNativeTarget;
			buildConfigurationList = 0512ABA91D2F43700031FC4F /* Build configuration list for PBXNativeTarget "Project 01Tests" */;
			buildPhases = (
				0512AB8E1D2F43700031FC4F /* Sources */,
				0512AB8F1D2F43700031FC4F /* Frameworks */,
				0512AB901D2F43700031FC4F /* Resources */,
			);
			buildRules = (
			);
			dependencies = (
				0512AB941D2F43700031FC4F /* PBXTargetDependency */,
			);
			name = "Project 01Tests";
			productName = "Project 01Tests";
			productReference = 0512AB921D2F43700031FC4F /* Project 01Tests.xctest */;
			productType = "com.apple.product-type.bundle.unit-test";
		};
		0512AB9C1D2F43700031FC4F /* Project 01UITests */ = {
			isa = PBXNativeTarget;
			buildConfigurationList = 0512ABAC1D2F43700031FC4F /* Build configuration list for PBXNativeTarget "Project 01UITests" */;
			buildPhases = (
				0512AB991D2F43700031FC4F /* Sources */,
				0512AB9A1D2F43700031FC4F /* Frameworks */,
				0512AB9B1D2F43700031FC4F /* Resources */,
			);
			buildRules = (
			);
			dependencies = (
				0512AB9F1D2F43700031FC4F /* PBXTargetDependency */,
			);
			name = "Project 01UITests";
			productName = "Project 01UITests";
			productReference = 0512AB9D1D2F43700031FC4F /* Project 01UITests.xctest */;
			productType = "com.apple.product-type.bundle.ui-testing";
		};
/* End PBXNativeTarget section */

/* Begin PBXProject section */
		0512AB761D2F436F0031FC4F /* Project object */ = {
			isa = PBXProject;
			attributes = {
				LastSwiftUpdateCheck = 0730;
				LastUpgradeCheck = 0730;
				ORGANIZATIONNAME = kiwi;
				TargetAttributes = {
					0512AB7D1D2F436F0031FC4F = {
						CreatedOnToolsVersion = 7.3.1;
					};
					0512AB911D2F43700031FC4F = {
						CreatedOnToolsVersion = 7.3.1;
						TestTargetID = 0512AB7D1D2F436F0031FC4F;
					};
					0512AB9C1D2F43700031FC4F = {
						CreatedOnToolsVersion = 7.3.1;
						TestTargetID = 0512AB7D1D2F436F0031FC4F;
					};
				};
			};
			buildConfigurationList = 0512AB791D2F436F0031FC4F /* Build configuration list for PBXProject "Project 01" */;
			compatibilityVersion = "Xcode 3.2";
			developmentRegion = English;
			hasScannedForEncodings = 0;
			knownRegions = (
				en,
				Base,
			);
			mainGroup = 0512AB751D2F436F0031FC4F;
			productRefGroup = 0512AB7F1D2F436F0031FC4F /* Products */;
			projectDirPath = "";
			projectRoot = "";
			targets = (
				0512AB7D1D2F436F0031FC4F /* Project 01 */,
				0512AB911D2F43700031FC4F /* Project 01Tests */,
				0512AB9C1D2F43700031FC4F /* Project 01UITests */,
			);
		};
/* End PBXProject section */

/* Begin PBXResourcesBuildPhase section */
		0512AB7C1D2F436F0031FC4F /* Resources */ = {
			isa = PBXResourcesBuildPhase;
			buildActionMask = 2147483647;
			files = (
				0512AB8C1D2F436F0031FC4F /* LaunchScreen.storyboard in Resources */,
				0512AB891D2F436F0031FC4F /* Assets.xcassets in Resources */,
				0512AB871D2F436F0031FC4F /* Main.storyboard in Resources */,
			);
			runOnlyForDeploymentPostprocessing = 0;
		};
		0512AB901D2F43700031FC4F /* Resources */ = {
			isa = PBXResourcesBuildPhase;
			buildActionMask = 2147483647;
			files = (
			);
			runOnlyForDeploymentPostprocessing = 0;
		};
		0512AB9B1D2F43700031FC4F /* Resources */ = {
			isa = PBXResourcesBuildPhase;
			buildActionMask = 2147483647;
			files = (
			);
			runOnlyForDeploymentPostprocessing = 0;
		};
/* End PBXResourcesBuildPhase section */

/* Begin PBXShellScriptBuildPhase section */
		0512ABB01D2F43E70031FC4F /* ShellScript */ = {
			isa = PBXShellScriptBuildPhase;
			buildActionMask = 2147483647;
			files = (
			);
			inputPaths = (
				"$(SRCROOT)/Carthage/Build/iOS/SnapKit.framework",
			);
			outputPaths = (
			);
			runOnlyForDeploymentPostprocessing = 0;
			shellPath = /bin/sh;
			shellScript = "/usr/local/bin/carthage copy-frameworks";
		};
/* End PBXShellScriptBuildPhase section */

/* Begin PBXSourcesBuildPhase section */
		0512AB7A1D2F436F0031FC4F /* Sources */ = {
			isa = PBXSourcesBuildPhase;
			buildActionMask = 2147483647;
			files = (
				0512AB841D2F436F0031FC4F /* ViewController.swift in Sources */,
				0512AB821D2F436F0031FC4F /* AppDelegate.swift in Sources */,
			);
			runOnlyForDeploymentPostprocessing = 0;
		};
		0512AB8E1D2F43700031FC4F /* Sources */ = {
			isa = PBXSourcesBuildPhase;
			buildActionMask = 2147483647;
			files = (
				0512AB971D2F43700031FC4F /* Project_01Tests.swift in Sources */,
			);
			runOnlyForDeploymentPostprocessing = 0;
		};
		0512AB991D2F43700031FC4F /* Sources */ = {
			isa = PBXSourcesBuildPhase;
			buildActionMask = 2147483647;
			files = (
				0512ABA21D2F43700031FC4F /* Project_01UITests.swift in Sources */,
			);
			runOnlyForDeploymentPostprocessing = 0;
		};
/* End PBXSourcesBuildPhase section */

/* Begin PBXTargetDependency section */
		0512AB941D2F43700031FC4F /* PBXTargetDependency */ = {
			isa = PBXTargetDependency;
			target = 0512AB7D1D2F436F0031FC4F /* Project 01 */;
			targetProxy = 0512AB931D2F43700031FC4F /* PBXContainerItemProxy */;
		};
		0512AB9F1D2F43700031FC4F /* PBXTargetDependency */ = {
			isa = PBXTargetDependency;
			target = 0512AB7D1D2F436F0031FC4F /* Project 01 */;
			targetProxy = 0512AB9E1D2F43700031FC4F /* PBXContainerItemProxy */;
		};
/* End PBXTargetDependency section */

/* Begin PBXVariantGroup section */
		0512AB851D2F436F0031FC4F /* Main.storyboard */ = {
			isa = PBXVariantGroup;
			children = (
				0512AB861D2F436F0031FC4F /* Base */,
			);
			name = Main.storyboard;
			sourceTree = "<group>";
		};
		0512AB8A1D2F436F0031FC4F /* LaunchScreen.storyboard */ = {
			isa = PBXVariantGroup;
			children = (
				0512AB8B1D2F436F0031FC4F /* Base */,
			);
			name = LaunchScreen.storyboard;
			sourceTree = "<group>";
		};
/* End PBXVariantGroup section */

/* Begin XCBuildConfiguration section */
		0512ABA41D2F43700031FC4F /* Debug */ = {
			isa = XCBuildConfiguration;
			buildSettings = {
				ALWAYS_SEARCH_USER_PATHS = NO;
				CLANG_ANALYZER_NONNULL = YES;
				CLANG_CXX_LANGUAGE_STANDARD = "gnu++0x";
				CLANG_CXX_LIBRARY = "libc++";
				CLANG_ENABLE_MODULES = YES;
				CLANG_ENABLE_OBJC_ARC = YES;
				CLANG_WARN_BOOL_CONVERSION = YES;
				CLANG_WARN_CONSTANT_CONVERSION = YES;
				CLANG_WARN_DIRECT_OBJC_ISA_USAGE = YES_ERROR;
				CLANG_WARN_EMPTY_BODY = YES;
				CLANG_WARN_ENUM_CONVERSION = YES;
				CLANG_WARN_INT_CONVERSION = YES;
				CLANG_WARN_OBJC_ROOT_CLASS = YES_ERROR;
				CLANG_WARN_UNREACHABLE_CODE = YES;
				CLANG_WARN__DUPLICATE_METHOD_MATCH = YES;
				"CODE_SIGN_IDENTITY[sdk=iphoneos*]" = "iPhone Developer";
				COPY_PHASE_STRIP = NO;
				DEBUG_INFORMATION_FORMAT = dwarf;
				ENABLE_STRICT_OBJC_MSGSEND = YES;
				ENABLE_TESTABILITY = YES;
				GCC_C_LANGUAGE_STANDARD = gnu99;
				GCC_DYNAMIC_NO_PIC = NO;
				GCC_NO_COMMON_BLOCKS = YES;
				GCC_OPTIMIZATION_LEVEL = 0;
				GCC_PREPROCESSOR_DEFINITIONS = (
					"DEBUG=1",
					"$(inherited)",
				);
				GCC_WARN_64_TO_32_BIT_CONVERSION = YES;
				GCC_WARN_ABOUT_RETURN_TYPE = YES_ERROR;
				GCC_WARN_UNDECLARED_SELECTOR = YES;
				GCC_WARN_UNINITIALIZED_AUTOS = YES_AGGRESSIVE;
				GCC_WARN_UNUSED_FUNCTION = YES;
				GCC_WARN_UNUSED_VARIABLE = YES;
				IPHONEOS_DEPLOYMENT_TARGET = 9.3;
				MTL_ENABLE_DEBUG_INFO = YES;
				ONLY_ACTIVE_ARCH = YES;
				SDKROOT = iphoneos;
				SWIFT_OPTIMIZATION_LEVEL = "-Onone";
			};
			name = Debug;
		};
		0512ABA51D2F43700031FC4F /* Release */ = {
			isa = XCBuildConfiguration;
			buildSettings = {
				ALWAYS_SEARCH_USER_PATHS = NO;
				CLANG_ANALYZER_NONNULL = YES;
				CLANG_CXX_LANGUAGE_STANDARD = "gnu++0x";
				CLANG_CXX_LIBRARY = "libc++";
				CLANG_ENABLE_MODULES = YES;
				CLANG_ENABLE_OBJC_ARC = YES;
				CLANG_WARN_BOOL_CONVERSION = YES;
				CLANG_WARN_CONSTANT_CONVERSION = YES;
				CLANG_WARN_DIRECT_OBJC_ISA_USAGE = YES_ERROR;
				CLANG_WARN_EMPTY_BODY = YES;
				CLANG_WARN_ENUM_CONVERSION = YES;
				CLANG_WARN_INT_CONVERSION = YES;
				CLANG_WARN_OBJC_ROOT_CLASS = YES_ERROR;
				CLANG_WARN_UNREACHABLE_CODE = YES;
				CLANG_WARN__DUPLICATE_METHOD_MATCH = YES;
				"CODE_SIGN_IDENTITY[sdk=iphoneos*]" = "iPhone Developer";
				COPY_PHASE_STRIP = NO;
				DEBUG_INFORMATION_FORMAT = "dwarf-with-dsym";
				ENABLE_NS_ASSERTIONS = NO;
				ENABLE_STRICT_OBJC_MSGSEND = YES;
				GCC_C_LANGUAGE_STANDARD = gnu99;
				GCC_NO_COMMON_BLOCKS = YES;
				GCC_WARN_64_TO_32_BIT_CONVERSION = YES;
				GCC_WARN_ABOUT_RETURN_TYPE = YES_ERROR;
				GCC_WARN_UNDECLARED_SELECTOR = YES;
				GCC_WARN_UNINITIALIZED_AUTOS = YES_AGGRESSIVE;
				GCC_WARN_UNUSED_FUNCTION = YES;
				GCC_WARN_UNUSED_VARIABLE = YES;
				IPHONEOS_DEPLOYMENT_TARGET = 9.3;
				MTL_ENABLE_DEBUG_INFO = NO;
				SDKROOT = iphoneos;
				VALIDATE_PRODUCT = YES;
			};
			name = Release;
		};
		0512ABA71D2F43700031FC4F /* Debug */ = {
			isa = XCBuildConfiguration;
			buildSettings = {
				ASSETCATALOG_COMPILER_APPICON_NAME = AppIcon;
				FRAMEWORK_SEARCH_PATHS = (
					"$(inherited)",
					"$(PROJECT_DIR)/Carthage/Build/iOS",
				);
				INFOPLIST_FILE = "Project 01/Info.plist";
				LD_RUNPATH_SEARCH_PATHS = "$(inherited) @executable_path/Frameworks";
				PRODUCT_BUNDLE_IDENTIFIER = "elric.Project-01";
				PRODUCT_NAME = "$(TARGET_NAME)";
			};
			name = Debug;
		};
		0512ABA81D2F43700031FC4F /* Release */ = {
			isa = XCBuildConfiguration;
			buildSettings = {
				ASSETCATALOG_COMPILER_APPICON_NAME = AppIcon;
				FRAMEWORK_SEARCH_PATHS = (
					"$(inherited)",
					"$(PROJECT_DIR)/Carthage/Build/iOS",
				);
				INFOPLIST_FILE = "Project 01/Info.plist";
				LD_RUNPATH_SEARCH_PATHS = "$(inherited) @executable_path/Frameworks";
				PRODUCT_BUNDLE_IDENTIFIER = "elric.Project-01";
				PRODUCT_NAME = "$(TARGET_NAME)";
			};
			name = Release;
		};
		0512ABAA1D2F43700031FC4F /* Debug */ = {
			isa = XCBuildConfiguration;
			buildSettings = {
				BUNDLE_LOADER = "$(TEST_HOST)";
				INFOPLIST_FILE = "Project 01Tests/Info.plist";
				LD_RUNPATH_SEARCH_PATHS = "$(inherited) @executable_path/Frameworks @loader_path/Frameworks";
				PRODUCT_BUNDLE_IDENTIFIER = "elric.Project-01Tests";
				PRODUCT_NAME = "$(TARGET_NAME)";
				TEST_HOST = "$(BUILT_PRODUCTS_DIR)/Project 01.app/Project 01";
			};
			name = Debug;
		};
		0512ABAB1D2F43700031FC4F /* Release */ = {
			isa = XCBuildConfiguration;
			buildSettings = {
				BUNDLE_LOADER = "$(TEST_HOST)";
				INFOPLIST_FILE = "Project 01Tests/Info.plist";
				LD_RUNPATH_SEARCH_PATHS = "$(inherited) @executable_path/Frameworks @loader_path/Frameworks";
				PRODUCT_BUNDLE_IDENTIFIER = "elric.Project-01Tests";
				PRODUCT_NAME = "$(TARGET_NAME)";
				TEST_HOST = "$(BUILT_PRODUCTS_DIR)/Project 01.app/Project 01";
			};
			name = Release;
		};
		0512ABAD1D2F43700031FC4F /* Debug */ = {
			isa = XCBuildConfiguration;
			buildSettings = {
				INFOPLIST_FILE = "Project 01UITests/Info.plist";
				LD_RUNPATH_SEARCH_PATHS = "$(inherited) @executable_path/Frameworks @loader_path/Frameworks";
				PRODUCT_BUNDLE_IDENTIFIER = "elric.Project-01UITests";
				PRODUCT_NAME = "$(TARGET_NAME)";
				TEST_TARGET_NAME = "Project 01";
			};
			name = Debug;
		};
		0512ABAE1D2F43700031FC4F /* Release */ = {
			isa = XCBuildConfiguration;
			buildSettings = {
				INFOPLIST_FILE = "Project 01UITests/Info.plist";
				LD_RUNPATH_SEARCH_PATHS = "$(inherited) @executable_path/Frameworks @loader_path/Frameworks";
				PRODUCT_BUNDLE_IDENTIFIER = "elric.Project-01UITests";
				PRODUCT_NAME = "$(TARGET_NAME)";
				TEST_TARGET_NAME = "Project 01";
			};
			name = Release;
		};
/* End XCBuildConfiguration section */

/* Begin XCConfigurationList section */
		0512AB791D2F436F0031FC4F /* Build configuration list for PBXProject "Project 01" */ = {
			isa = XCConfigurationList;
			buildConfigurations = (
				0512ABA41D2F43700031FC4F /* Debug */,
				0512ABA51D2F43700031FC4F /* Release */,
			);
			defaultConfigurationIsVisible = 0;
			defaultConfigurationName = Release;
		};
		0512ABA61D2F43700031FC4F /* Build configuration list for PBXNativeTarget "Project 01" */ = {
			isa = XCConfigurationList;
			buildConfigurations = (
				0512ABA71D2F43700031FC4F /* Debug */,
				0512ABA81D2F43700031FC4F /* Release */,
			);
			defaultConfigurationIsVisible = 0;
		};
		0512ABA91D2F43700031FC4F /* Build configuration list for PBXNativeTarget "Project 01Tests" */ = {
			isa = XCConfigurationList;
			buildConfigurations = (
				0512ABAA1D2F43700031FC4F /* Debug */,
				0512ABAB1D2F43700031FC4F /* Release */,
			);
			defaultConfigurationIsVisible = 0;
		};
		0512ABAC1D2F43700031FC4F /* Build configuration list for PBXNativeTarget "Project 01UITests" */ = {
			isa = XCConfigurationList;
			buildConfigurations = (
				0512ABAD1D2F43700031FC4F /* Debug */,
				0512ABAE1D2F43700031FC4F /* Release */,
			);
			defaultConfigurationIsVisible = 0;
		};
/* End XCConfigurationList section */
	};
	rootObject = 0512AB761D2F436F0031FC4F /* Project object */;
}
